// !$*UTF8*$!
{
	archiveVersion = 1;
	classes = {
	};
	objectVersion = 50;
	objects = {

/* Begin PBXBuildFile section */
		1BA8486B2431E18F00E1D190 /* AppDelegate.swift in Sources */ = {isa = PBXBuildFile; fileRef = 1BA8486A2431E18F00E1D190 /* AppDelegate.swift */; };
		1BA8486D2431E18F00E1D190 /* SceneDelegate.swift in Sources */ = {isa = PBXBuildFile; fileRef = 1BA8486C2431E18F00E1D190 /* SceneDelegate.swift */; };
		1BA8486F2431E18F00E1D190 /* ViewController.swift in Sources */ = {isa = PBXBuildFile; fileRef = 1BA8486E2431E18F00E1D190 /* ViewController.swift */; };
		1BA848722431E18F00E1D190 /* Main.storyboard in Resources */ = {isa = PBXBuildFile; fileRef = 1BA848702431E18F00E1D190 /* Main.storyboard */; };
		1BA848742431E19000E1D190 /* Assets.xcassets in Resources */ = {isa = PBXBuildFile; fileRef = 1BA848732431E19000E1D190 /* Assets.xcassets */; };
		1BA848772431E19000E1D190 /* LaunchScreen.storyboard in Resources */ = {isa = PBXBuildFile; fileRef = 1BA848752431E19000E1D190 /* LaunchScreen.storyboard */; };
		1BA8488324320CF400E1D190 /* UnlockDemo.swift in Sources */ = {isa = PBXBuildFile; fileRef = 1BA8488224320CF400E1D190 /* UnlockDemo.swift */; };
		1BA848852432109F00E1D190 /* OSSpinLockDemo.swift in Sources */ = {isa = PBXBuildFile; fileRef = 1BA848842432109F00E1D190 /* OSSpinLockDemo.swift */; };
		1BA84887243219C100E1D190 /* UnfairLockDemo.swift in Sources */ = {isa = PBXBuildFile; fileRef = 1BA84886243219C100E1D190 /* UnfairLockDemo.swift */; };
		1BA8488924321AC300E1D190 /* PthreadMutexDemo.swift in Sources */ = {isa = PBXBuildFile; fileRef = 1BA8488824321AC300E1D190 /* PthreadMutexDemo.swift */; };
		1BA8488B2433619A00E1D190 /* SerialQueueDemo.swift in Sources */ = {isa = PBXBuildFile; fileRef = 1BA8488A2433619A00E1D190 /* SerialQueueDemo.swift */; };
		1BA8488D24336E4500E1D190 /* SemaphoreDemo.swift in Sources */ = {isa = PBXBuildFile; fileRef = 1BA8488C24336E4500E1D190 /* SemaphoreDemo.swift */; };
		1BA8488F24339A7700E1D190 /* SynchronizedDemo.swift in Sources */ = {isa = PBXBuildFile; fileRef = 1BA8488E24339A7700E1D190 /* SynchronizedDemo.swift */; };
/* End PBXBuildFile section */

/* Begin PBXFileReference section */
		1BA848672431E18F00E1D190 /* GCD.app */ = {isa = PBXFileReference; explicitFileType = wrapper.application; includeInIndex = 0; path = GCD.app; sourceTree = BUILT_PRODUCTS_DIR; };
		1BA8486A2431E18F00E1D190 /* AppDelegate.swift */ = {isa = PBXFileReference; lastKnownFileType = sourcecode.swift; path = AppDelegate.swift; sourceTree = "<group>"; };
		1BA8486C2431E18F00E1D190 /* SceneDelegate.swift */ = {isa = PBXFileReference; lastKnownFileType = sourcecode.swift; path = SceneDelegate.swift; sourceTree = "<group>"; };
		1BA8486E2431E18F00E1D190 /* ViewController.swift */ = {isa = PBXFileReference; lastKnownFileType = sourcecode.swift; path = ViewController.swift; sourceTree = "<group>"; };
		1BA848712431E18F00E1D190 /* Base */ = {isa = PBXFileReference; lastKnownFileType = file.storyboard; name = Base; path = Base.lproj/Main.storyboard; sourceTree = "<group>"; };
		1BA848732431E19000E1D190 /* Assets.xcassets */ = {isa = PBXFileReference; lastKnownFileType = folder.assetcatalog; path = Assets.xcassets; sourceTree = "<group>"; };
		1BA848762431E19000E1D190 /* Base */ = {isa = PBXFileReference; lastKnownFileType = file.storyboard; name = Base; path = Base.lproj/LaunchScreen.storyboard; sourceTree = "<group>"; };
		1BA848782431E19000E1D190 /* Info.plist */ = {isa = PBXFileReference; lastKnownFileType = text.plist.xml; path = Info.plist; sourceTree = "<group>"; };
		1BA8488224320CF400E1D190 /* UnlockDemo.swift */ = {isa = PBXFileReference; lastKnownFileType = sourcecode.swift; path = UnlockDemo.swift; sourceTree = "<group>"; };
		1BA848842432109F00E1D190 /* OSSpinLockDemo.swift */ = {isa = PBXFileReference; lastKnownFileType = sourcecode.swift; path = OSSpinLockDemo.swift; sourceTree = "<group>"; };
		1BA84886243219C100E1D190 /* UnfairLockDemo.swift */ = {isa = PBXFileReference; lastKnownFileType = sourcecode.swift; path = UnfairLockDemo.swift; sourceTree = "<group>"; };
		1BA8488824321AC300E1D190 /* PthreadMutexDemo.swift */ = {isa = PBXFileReference; lastKnownFileType = sourcecode.swift; path = PthreadMutexDemo.swift; sourceTree = "<group>"; };
		1BA8488A2433619A00E1D190 /* SerialQueueDemo.swift */ = {isa = PBXFileReference; lastKnownFileType = sourcecode.swift; path = SerialQueueDemo.swift; sourceTree = "<group>"; };
		1BA8488C24336E4500E1D190 /* SemaphoreDemo.swift */ = {isa = PBXFileReference; lastKnownFileType = sourcecode.swift; path = SemaphoreDemo.swift; sourceTree = "<group>"; };
		1BA8488E24339A7700E1D190 /* SynchronizedDemo.swift */ = {isa = PBXFileReference; lastKnownFileType = sourcecode.swift; path = SynchronizedDemo.swift; sourceTree = "<group>"; };
/* End PBXFileReference section */

/* Begin PBXFrameworksBuildPhase section */
		1BA848642431E18F00E1D190 /* Frameworks */ = {
			isa = PBXFrameworksBuildPhase;
			buildActionMask = 2147483647;
			files = (
			);
			runOnlyForDeploymentPostprocessing = 0;
		};
/* End PBXFrameworksBuildPhase section */

/* Begin PBXGroup section */
		1BA8485E2431E18F00E1D190 = {
			isa = PBXGroup;
			children = (
				1BA848692431E18F00E1D190 /* GCD */,
				1BA848682431E18F00E1D190 /* Products */,
			);
			sourceTree = "<group>";
		};
		1BA848682431E18F00E1D190 /* Products */ = {
			isa = PBXGroup;
			children = (
				1BA848672431E18F00E1D190 /* GCD.app */,
			);
			name = Products;
			sourceTree = "<group>";
		};
		1BA848692431E18F00E1D190 /* GCD */ = {
			isa = PBXGroup;
			children = (
				1BA8486A2431E18F00E1D190 /* AppDelegate.swift */,
				1BA8486C2431E18F00E1D190 /* SceneDelegate.swift */,
				1BA8486E2431E18F00E1D190 /* ViewController.swift */,
				1BA8488224320CF400E1D190 /* UnlockDemo.swift */,
				1BA848842432109F00E1D190 /* OSSpinLockDemo.swift */,
				1BA84886243219C100E1D190 /* UnfairLockDemo.swift */,
				1BA8488824321AC300E1D190 /* PthreadMutexDemo.swift */,
				1BA8488A2433619A00E1D190 /* SerialQueueDemo.swift */,
				1BA8488C24336E4500E1D190 /* SemaphoreDemo.swift */,
				1BA8488E24339A7700E1D190 /* SynchronizedDemo.swift */,
				1BA848702431E18F00E1D190 /* Main.storyboard */,
				1BA848732431E19000E1D190 /* Assets.xcassets */,
				1BA848752431E19000E1D190 /* LaunchScreen.storyboard */,
				1BA848782431E19000E1D190 /* Info.plist */,
			);
			path = GCD;
			sourceTree = "<group>";
		};
/* End PBXGroup section */

/* Begin PBXNativeTarget section */
		1BA848662431E18F00E1D190 /* GCD */ = {
			isa = PBXNativeTarget;
			buildConfigurationList = 1BA8487B2431E19000E1D190 /* Build configuration list for PBXNativeTarget "GCD" */;
			buildPhases = (
				1BA848632431E18F00E1D190 /* Sources */,
				1BA848642431E18F00E1D190 /* Frameworks */,
				1BA848652431E18F00E1D190 /* Resources */,
			);
			buildRules = (
			);
			dependencies = (
			);
			name = GCD;
			productName = GCD;
			productReference = 1BA848672431E18F00E1D190 /* GCD.app */;
			productType = "com.apple.product-type.application";
		};
/* End PBXNativeTarget section */

/* Begin PBXProject section */
		1BA8485F2431E18F00E1D190 /* Project object */ = {
			isa = PBXProject;
			attributes = {
				LastSwiftUpdateCheck = 1130;
				LastUpgradeCheck = 1130;
				ORGANIZATIONNAME = wuhongxing;
				TargetAttributes = {
					1BA848662431E18F00E1D190 = {
						CreatedOnToolsVersion = 11.3.1;
					};
				};
			};
			buildConfigurationList = 1BA848622431E18F00E1D190 /* Build configuration list for PBXProject "GCD" */;
			compatibilityVersion = "Xcode 9.3";
			developmentRegion = en;
			hasScannedForEncodings = 0;
			knownRegions = (
				en,
				Base,
			);
			mainGroup = 1BA8485E2431E18F00E1D190;
			productRefGroup = 1BA848682431E18F00E1D190 /* Products */;
			projectDirPath = "";
			projectRoot = "";
			targets = (
				1BA848662431E18F00E1D190 /* GCD */,
			);
		};
/* End PBXProject section */

/* Begin PBXResourcesBuildPhase section */
		1BA848652431E18F00E1D190 /* Resources */ = {
			isa = PBXResourcesBuildPhase;
			buildActionMask = 2147483647;
			files = (
				1BA848772431E19000E1D190 /* LaunchScreen.storyboard in Resources */,
				1BA848742431E19000E1D190 /* Assets.xcassets in Resources */,
				1BA848722431E18F00E1D190 /* Main.storyboard in Resources */,
			);
			runOnlyForDeploymentPostprocessing = 0;
		};
/* End PBXResourcesBuildPhase section */

/* Begin PBXSourcesBuildPhase section */
		1BA848632431E18F00E1D190 /* Sources */ = {
			isa = PBXSourcesBuildPhase;
			buildActionMask = 2147483647;
			files = (
				1BA8488924321AC300E1D190 /* PthreadMutexDemo.swift in Sources */,
				1BA848852432109F00E1D190 /* OSSpinLockDemo.swift in Sources */,
				1BA8488B2433619A00E1D190 /* SerialQueueDemo.swift in Sources */,
				1BA8488D24336E4500E1D190 /* SemaphoreDemo.swift in Sources */,
				1BA8488324320CF400E1D190 /* UnlockDemo.swift in Sources */,
				1BA8486F2431E18F00E1D190 /* ViewController.swift in Sources */,
				1BA8486B2431E18F00E1D190 /* AppDelegate.swift in Sources */,
				1BA84887243219C100E1D190 /* UnfairLockDemo.swift in Sources */,
				1BA8488F24339A7700E1D190 /* SynchronizedDemo.swift in Sources */,
				1BA8486D2431E18F00E1D190 /* SceneDelegate.swift in Sources */,
			);
			runOnlyForDeploymentPostprocessing = 0;
		};
/* End PBXSourcesBuildPhase section */

/* Begin PBXVariantGroup section */
		1BA848702431E18F00E1D190 /* Main.storyboard */ = {
			isa = PBXVariantGroup;
			children = (
				1BA848712431E18F00E1D190 /* Base */,
			);
			name = Main.storyboard;
			sourceTree = "<group>";
		};
		1BA848752431E19000E1D190 /* LaunchScreen.storyboard */ = {
			isa = PBXVariantGroup;
			children = (
				1BA848762431E19000E1D190 /* Base */,
			);
			name = LaunchScreen.storyboard;
			sourceTree = "<group>";
		};
/* End PBXVariantGroup section */

/* Begin XCBuildConfiguration section */
		1BA848792431E19000E1D190 /* Debug */ = {
			isa = XCBuildConfiguration;
			buildSettings = {
				ALWAYS_SEARCH_USER_PATHS = NO;
				CLANG_ANALYZER_NONNULL = YES;
				CLANG_ANALYZER_NUMBER_OBJECT_CONVERSION = YES_AGGRESSIVE;
				CLANG_CXX_LANGUAGE_STANDARD = "gnu++14";
				CLANG_CXX_LIBRARY = "libc++";
				CLANG_ENABLE_MODULES = YES;
				CLANG_ENABLE_OBJC_ARC = YES;
				CLANG_ENABLE_OBJC_WEAK = YES;
				CLANG_WARN_BLOCK_CAPTURE_AUTORELEASING = YES;
				CLANG_WARN_BOOL_CONVERSION = YES;
				CLANG_WARN_COMMA = YES;
				CLANG_WARN_CONSTANT_CONVERSION = YES;
				CLANG_WARN_DEPRECATED_OBJC_IMPLEMENTATIONS = YES;
				CLANG_WARN_DIRECT_OBJC_ISA_USAGE = YES_ERROR;
				CLANG_WARN_DOCUMENTATION_COMMENTS = YES;
				CLANG_WARN_EMPTY_BODY = YES;
				CLANG_WARN_ENUM_CONVERSION = YES;
				CLANG_WARN_INFINITE_RECURSION = YES;
				CLANG_WARN_INT_CONVERSION = YES;
				CLANG_WARN_NON_LITERAL_NULL_CONVERSION = YES;
				CLANG_WARN_OBJC_IMPLICIT_RETAIN_SELF = YES;
				CLANG_WARN_OBJC_LITERAL_CONVERSION = YES;
				CLANG_WARN_OBJC_ROOT_CLASS = YES_ERROR;
				CLANG_WARN_RANGE_LOOP_ANALYSIS = YES;
				CLANG_WARN_STRICT_PROTOTYPES = YES;
				CLANG_WARN_SUSPICIOUS_MOVE = YES;
				CLANG_WARN_UNGUARDED_AVAILABILITY = YES_AGGRESSIVE;
				CLANG_WARN_UNREACHABLE_CODE = YES;
				CLANG_WARN__DUPLICATE_METHOD_MATCH = YES;
				COPY_PHASE_STRIP = NO;
				DEBUG_INFORMATION_FORMAT = dwarf;
				ENABLE_STRICT_OBJC_MSGSEND = YES;
				ENABLE_TESTABILITY = YES;
				GCC_C_LANGUAGE_STANDARD = gnu11;
				GCC_DYNAMIC_NO_PIC = NO;
				GCC_NO_COMMON_BLOCKS = YES;
				GCC_OPTIMIZATION_LEVEL = 0;
				GCC_PREPROCESSOR_DEFINITIONS = (
					"DEBUG=1",
					"$(inherited)",
				);
				GCC_WARN_64_TO_32_BIT_CONVERSION = YES;
				GCC_WARN_ABOUT_RETURN_TYPE = YES_ERROR;
				GCC_WARN_UNDECLARED_SELECTOR = YES;
				GCC_WARN_UNINITIALIZED_AUTOS = YES_AGGRESSIVE;
				GCC_WARN_UNUSED_FUNCTION = YES;
				GCC_WARN_UNUSED_VARIABLE = YES;
				IPHONEOS_DEPLOYMENT_TARGET = 13.2;
				MTL_ENABLE_DEBUG_INFO = INCLUDE_SOURCE;
				MTL_FAST_MATH = YES;
				ONLY_ACTIVE_ARCH = YES;
				SDKROOT = iphoneos;
				SWIFT_ACTIVE_COMPILATION_CONDITIONS = DEBUG;
				SWIFT_OPTIMIZATION_LEVEL = "-Onone";
			};
			name = Debug;
		};
		1BA8487A2431E19000E1D190 /* Release */ = {
			isa = XCBuildConfiguration;
			buildSettings = {
				ALWAYS_SEARCH_USER_PATHS = NO;
				CLANG_ANALYZER_NONNULL = YES;
				CLANG_ANALYZER_NUMBER_OBJECT_CONVERSION = YES_AGGRESSIVE;
				CLANG_CXX_LANGUAGE_STANDARD = "gnu++14";
				CLANG_CXX_LIBRARY = "libc++";
				CLANG_ENABLE_MODULES = YES;
				CLANG_ENABLE_OBJC_ARC = YES;
				CLANG_ENABLE_OBJC_WEAK = YES;
				CLANG_WARN_BLOCK_CAPTURE_AUTORELEASING = YES;
				CLANG_WARN_BOOL_CONVERSION = YES;
				CLANG_WARN_COMMA = YES;
				CLANG_WARN_CONSTANT_CONVERSION = YES;
				CLANG_WARN_DEPRECATED_OBJC_IMPLEMENTATIONS = YES;
				CLANG_WARN_DIRECT_OBJC_ISA_USAGE = YES_ERROR;
				CLANG_WARN_DOCUMENTATION_COMMENTS = YES;
				CLANG_WARN_EMPTY_BODY = YES;
				CLANG_WARN_ENUM_CONVERSION = YES;
				CLANG_WARN_INFINITE_RECURSION = YES;
				CLANG_WARN_INT_CONVERSION = YES;
				CLANG_WARN_NON_LITERAL_NULL_CONVERSION = YES;
				CLANG_WARN_OBJC_IMPLICIT_RETAIN_SELF = YES;
				CLANG_WARN_OBJC_LITERAL_CONVERSION = YES;
				CLANG_WARN_OBJC_ROOT_CLASS = YES_ERROR;
				CLANG_WARN_RANGE_LOOP_ANALYSIS = YES;
				CLANG_WARN_STRICT_PROTOTYPES = YES;
				CLANG_WARN_SUSPICIOUS_MOVE = YES;
				CLANG_WARN_UNGUARDED_AVAILABILITY = YES_AGGRESSIVE;
				CLANG_WARN_UNREACHABLE_CODE = YES;
				CLANG_WARN__DUPLICATE_METHOD_MATCH = YES;
				COPY_PHASE_STRIP = NO;
				DEBUG_INFORMATION_FORMAT = "dwarf-with-dsym";
				ENABLE_NS_ASSERTIONS = NO;
				ENABLE_STRICT_OBJC_MSGSEND = YES;
				GCC_C_LANGUAGE_STANDARD = gnu11;
				GCC_NO_COMMON_BLOCKS = YES;
				GCC_WARN_64_TO_32_BIT_CONVERSION = YES;
				GCC_WARN_ABOUT_RETURN_TYPE = YES_ERROR;
				GCC_WARN_UNDECLARED_SELECTOR = YES;
				GCC_WARN_UNINITIALIZED_AUTOS = YES_AGGRESSIVE;
				GCC_WARN_UNUSED_FUNCTION = YES;
				GCC_WARN_UNUSED_VARIABLE = YES;
				IPHONEOS_DEPLOYMENT_TARGET = 13.2;
				MTL_ENABLE_DEBUG_INFO = NO;
				MTL_FAST_MATH = YES;
				SDKROOT = iphoneos;
				SWIFT_COMPILATION_MODE = wholemodule;
				SWIFT_OPTIMIZATION_LEVEL = "-O";
				VALIDATE_PRODUCT = YES;
			};
			name = Release;
		};
		1BA8487C2431E19000E1D190 /* Debug */ = {
			isa = XCBuildConfiguration;
			buildSettings = {
				ASSETCATALOG_COMPILER_APPICON_NAME = AppIcon;
				CODE_SIGN_STYLE = Automatic;
				DEVELOPMENT_TEAM = 89D9H2QAX2;
				INFOPLIST_FILE = GCD/Info.plist;
				LD_RUNPATH_SEARCH_PATHS = (
					"$(inherited)",
					"@executable_path/Frameworks",
				);
				PRODUCT_BUNDLE_IDENTIFIER = wuhongxing.GCD;
				PRODUCT_NAME = "$(TARGET_NAME)";
				SWIFT_VERSION = 5.0;
				TARGETED_DEVICE_FAMILY = "1,2";
			};
			name = Debug;
		};
		1BA8487D2431E19000E1D190 /* Release */ = {
			isa = XCBuildConfiguration;
			buildSettings = {
				ASSETCATALOG_COMPILER_APPICON_NAME = AppIcon;
				CODE_SIGN_STYLE = Automatic;
				DEVELOPMENT_TEAM = 89D9H2QAX2;
				INFOPLIST_FILE = GCD/Info.plist;
				LD_RUNPATH_SEARCH_PATHS = (
					"$(inherited)",
					"@executable_path/Frameworks",
				);
				PRODUCT_BUNDLE_IDENTIFIER = wuhongxing.GCD;
				PRODUCT_NAME = "$(TARGET_NAME)";
				SWIFT_VERSION = 5.0;
				TARGETED_DEVICE_FAMILY = "1,2";
			};
			name = Release;
		};
/* End XCBuildConfiguration section */

/* Begin XCConfigurationList section */
		1BA848622431E18F00E1D190 /* Build configuration list for PBXProject "GCD" */ = {
			isa = XCConfigurationList;
			buildConfigurations = (
				1BA848792431E19000E1D190 /* Debug */,
				1BA8487A2431E19000E1D190 /* Release */,
			);
			defaultConfigurationIsVisible = 0;
			defaultConfigurationName = Release;
		};
		1BA8487B2431E19000E1D190 /* Build configuration list for PBXNativeTarget "GCD" */ = {
			isa = XCConfigurationList;
			buildConfigurations = (
				1BA8487C2431E19000E1D190 /* Debug */,
				1BA8487D2431E19000E1D190 /* Release */,
			);
			defaultConfigurationIsVisible = 0;
			defaultConfigurationName = Release;
		};
/* End XCConfigurationList section */
	};
	rootObject = 1BA8485F2431E18F00E1D190 /* Project object */;
}
